
Microsoft Visual Studio Solution File, Format Version 12.00
# Visual Studio Version 17
VisualStudioVersion = 17.8.34330.188
MinimumVisualStudioVersion = 10.0.40219.1
Project("{FAE04EC0-301F-11D3-BF4B-00C04F79EFBC}") = "VillageOfTesting", "VillageOfTesting\VillageOfTesting.csproj", "{70328906-B2A0-4114-A6EF-6652D568BA00}"
EndProject
Global
	GlobalSection(SolutionConfigurationPlatforms) = preSolution
		Debug|Any CPU = Debug|Any CPU
		Release|Any CPU = Release|Any CPU
	EndGlobalSection
	GlobalSection(ProjectConfigurationPlatforms) = postSolution
		{70328906-B2A0-4114-A6EF-6652D568BA00}.Debug|Any CPU.ActiveCfg = Debug|Any CPU
		{70328906-B2A0-4114-A6EF-6652D568BA00}.Debug|Any CPU.Build.0 = Debug|Any CPU
		{70328906-B2A0-4114-A6EF-6652D568BA00}.Release|Any CPU.ActiveCfg = Release|Any CPU
		{70328906-B2A0-4114-A6EF-6652D568BA00}.Release|Any CPU.Build.0 = Release|Any CPU
	EndGlobalSection
	GlobalSection(SolutionProperties) = preSolution
		HideSolutionNode = FALSE
	EndGlobalSection
	GlobalSection(ExtensibilityGlobals) = postSolution
		SolutionGuid = {54A39020-03C5-40AB-B0CC-F24D2C933D8E}
	EndGlobalSection
EndGlobal
